// !$*UTF8*$!
{
	archiveVersion = 1;
	classes = {
	};
	objectVersion = 50;
	objects = {

/* Begin PBXBuildFile section */
		FE238F7B20C6D4890041CC9A /* AppDelegate.swift in Sources */ = {isa = PBXBuildFile; fileRef = FE238F7A20C6D4890041CC9A /* AppDelegate.swift */; };
		FE238F7D20C6D4890041CC9A /* ViewController.swift in Sources */ = {isa = PBXBuildFile; fileRef = FE238F7C20C6D4890041CC9A /* ViewController.swift */; };
		FE238F8020C6D4890041CC9A /* Main.storyboard in Resources */ = {isa = PBXBuildFile; fileRef = FE238F7E20C6D4890041CC9A /* Main.storyboard */; };
		FE238F8220C6D48B0041CC9A /* Assets.xcassets in Resources */ = {isa = PBXBuildFile; fileRef = FE238F8120C6D48B0041CC9A /* Assets.xcassets */; };
		FE238F8520C6D48B0041CC9A /* LaunchScreen.storyboard in Resources */ = {isa = PBXBuildFile; fileRef = FE238F8320C6D48B0041CC9A /* LaunchScreen.storyboard */; };
		FE238F9020C6D48B0041CC9A /* ButtonsTests.swift in Sources */ = {isa = PBXBuildFile; fileRef = FE238F8F20C6D48B0041CC9A /* ButtonsTests.swift */; };
		FE238F9B20C6D48B0041CC9A /* ButtonsUITests.swift in Sources */ = {isa = PBXBuildFile; fileRef = FE238F9A20C6D48B0041CC9A /* ButtonsUITests.swift */; };
/* End PBXBuildFile section */

/* Begin PBXContainerItemProxy section */
		FE238F8C20C6D48B0041CC9A /* PBXContainerItemProxy */ = {
			isa = PBXContainerItemProxy;
			containerPortal = FE238F6F20C6D4890041CC9A /* Project object */;
			proxyType = 1;
			remoteGlobalIDString = FE238F7620C6D4890041CC9A;
			remoteInfo = Buttons;
		};
		FE238F9720C6D48B0041CC9A /* PBXContainerItemProxy */ = {
			isa = PBXContainerItemProxy;
			containerPortal = FE238F6F20C6D4890041CC9A /* Project object */;
			proxyType = 1;
			remoteGlobalIDString = FE238F7620C6D4890041CC9A;
			remoteInfo = Buttons;
		};
/* End PBXContainerItemProxy section */

/* Begin PBXFileReference section */
		FE238F7720C6D4890041CC9A /* Buttons.app */ = {isa = PBXFileReference; explicitFileType = wrapper.application; includeInIndex = 0; path = Buttons.app; sourceTree = BUILT_PRODUCTS_DIR; };
		FE238F7A20C6D4890041CC9A /* AppDelegate.swift */ = {isa = PBXFileReference; lastKnownFileType = sourcecode.swift; path = AppDelegate.swift; sourceTree = "<group>"; };
		FE238F7C20C6D4890041CC9A /* ViewController.swift */ = {isa = PBXFileReference; lastKnownFileType = sourcecode.swift; path = ViewController.swift; sourceTree = "<group>"; };
		FE238F7F20C6D4890041CC9A /* Base */ = {isa = PBXFileReference; lastKnownFileType = file.storyboard; name = Base; path = Base.lproj/Main.storyboard; sourceTree = "<group>"; };
		FE238F8120C6D48B0041CC9A /* Assets.xcassets */ = {isa = PBXFileReference; lastKnownFileType = folder.assetcatalog; path = Assets.xcassets; sourceTree = "<group>"; };
		FE238F8420C6D48B0041CC9A /* Base */ = {isa = PBXFileReference; lastKnownFileType = file.storyboard; name = Base; path = Base.lproj/LaunchScreen.storyboard; sourceTree = "<group>"; };
		FE238F8620C6D48B0041CC9A /* Info.plist */ = {isa = PBXFileReference; lastKnownFileType = text.plist.xml; path = Info.plist; sourceTree = "<group>"; };
		FE238F8B20C6D48B0041CC9A /* ButtonsTests.xctest */ = {isa = PBXFileReference; explicitFileType = wrapper.cfbundle; includeInIndex = 0; path = ButtonsTests.xctest; sourceTree = BUILT_PRODUCTS_DIR; };
		FE238F8F20C6D48B0041CC9A /* ButtonsTests.swift */ = {isa = PBXFileReference; lastKnownFileType = sourcecode.swift; path = ButtonsTests.swift; sourceTree = "<group>"; };
		FE238F9120C6D48B0041CC9A /* Info.plist */ = {isa = PBXFileReference; lastKnownFileType = text.plist.xml; path = Info.plist; sourceTree = "<group>"; };
		FE238F9620C6D48B0041CC9A /* ButtonsUITests.xctest */ = {isa = PBXFileReference; explicitFileType = wrapper.cfbundle; includeInIndex = 0; path = ButtonsUITests.xctest; sourceTree = BUILT_PRODUCTS_DIR; };
		FE238F9A20C6D48B0041CC9A /* ButtonsUITests.swift */ = {isa = PBXFileReference; lastKnownFileType = sourcecode.swift; path = ButtonsUITests.swift; sourceTree = "<group>"; };
		FE238F9C20C6D48B0041CC9A /* Info.plist */ = {isa = PBXFileReference; lastKnownFileType = text.plist.xml; path = Info.plist; sourceTree = "<group>"; };
/* End PBXFileReference section */

/* Begin PBXFrameworksBuildPhase section */
		FE238F7420C6D4890041CC9A /* Frameworks */ = {
			isa = PBXFrameworksBuildPhase;
			buildActionMask = 2147483647;
			files = (
			);
			runOnlyForDeploymentPostprocessing = 0;
		};
		FE238F8820C6D48B0041CC9A /* Frameworks */ = {
			isa = PBXFrameworksBuildPhase;
			buildActionMask = 2147483647;
			files = (
			);
			runOnlyForDeploymentPostprocessing = 0;
		};
		FE238F9320C6D48B0041CC9A /* Frameworks */ = {
			isa = PBXFrameworksBuildPhase;
			buildActionMask = 2147483647;
			files = (
			);
			runOnlyForDeploymentPostprocessing = 0;
		};
/* End PBXFrameworksBuildPhase section */

/* Begin PBXGroup section */
		FE238F6E20C6D4890041CC9A = {
			isa = PBXGroup;
			children = (
				FE238F7920C6D4890041CC9A /* Buttons */,
				FE238F8E20C6D48B0041CC9A /* ButtonsTests */,
				FE238F9920C6D48B0041CC9A /* ButtonsUITests */,
				FE238F7820C6D4890041CC9A /* Products */,
			);
			sourceTree = "<group>";
		};
		FE238F7820C6D4890041CC9A /* Products */ = {
			isa = PBXGroup;
			children = (
				FE238F7720C6D4890041CC9A /* Buttons.app */,
				FE238F8B20C6D48B0041CC9A /* ButtonsTests.xctest */,
				FE238F9620C6D48B0041CC9A /* ButtonsUITests.xctest */,
			);
			name = Products;
			sourceTree = "<group>";
		};
		FE238F7920C6D4890041CC9A /* Buttons */ = {
			isa = PBXGroup;
			children = (
				FE238F7A20C6D4890041CC9A /* AppDelegate.swift */,
				FE238F7C20C6D4890041CC9A /* ViewController.swift */,
				FE238F7E20C6D4890041CC9A /* Main.storyboard */,
				FE238F8120C6D48B0041CC9A /* Assets.xcassets */,
				FE238F8320C6D48B0041CC9A /* LaunchScreen.storyboard */,
				FE238F8620C6D48B0041CC9A /* Info.plist */,
			);
			path = Buttons;
			sourceTree = "<group>";
		};
		FE238F8E20C6D48B0041CC9A /* ButtonsTests */ = {
			isa = PBXGroup;
			children = (
				FE238F8F20C6D48B0041CC9A /* ButtonsTests.swift */,
				FE238F9120C6D48B0041CC9A /* Info.plist */,
			);
			path = ButtonsTests;
			sourceTree = "<group>";
		};
		FE238F9920C6D48B0041CC9A /* ButtonsUITests */ = {
			isa = PBXGroup;
			children = (
				FE238F9A20C6D48B0041CC9A /* ButtonsUITests.swift */,
				FE238F9C20C6D48B0041CC9A /* Info.plist */,
			);
			path = ButtonsUITests;
			sourceTree = "<group>";
		};
/* End PBXGroup section */

/* Begin PBXNativeTarget section */
		FE238F7620C6D4890041CC9A /* Buttons */ = {
			isa = PBXNativeTarget;
			buildConfigurationList = FE238F9F20C6D48B0041CC9A /* Build configuration list for PBXNativeTarget "Buttons" */;
			buildPhases = (
				FE238F7320C6D4890041CC9A /* Sources */,
				FE238F7420C6D4890041CC9A /* Frameworks */,
				FE238F7520C6D4890041CC9A /* Resources */,
			);
			buildRules = (
			);
			dependencies = (
			);
			name = Buttons;
			productName = Buttons;
			productReference = FE238F7720C6D4890041CC9A /* Buttons.app */;
			productType = "com.apple.product-type.application";
		};
		FE238F8A20C6D48B0041CC9A /* ButtonsTests */ = {
			isa = PBXNativeTarget;
			buildConfigurationList = FE238FA220C6D48B0041CC9A /* Build configuration list for PBXNativeTarget "ButtonsTests" */;
			buildPhases = (
				FE238F8720C6D48B0041CC9A /* Sources */,
				FE238F8820C6D48B0041CC9A /* Frameworks */,
				FE238F8920C6D48B0041CC9A /* Resources */,
			);
			buildRules = (
			);
			dependencies = (
				FE238F8D20C6D48B0041CC9A /* PBXTargetDependency */,
			);
			name = ButtonsTests;
			productName = ButtonsTests;
			productReference = FE238F8B20C6D48B0041CC9A /* ButtonsTests.xctest */;
			productType = "com.apple.product-type.bundle.unit-test";
		};
		FE238F9520C6D48B0041CC9A /* ButtonsUITests */ = {
			isa = PBXNativeTarget;
			buildConfigurationList = FE238FA520C6D48B0041CC9A /* Build configuration list for PBXNativeTarget "ButtonsUITests" */;
			buildPhases = (
				FE238F9220C6D48B0041CC9A /* Sources */,
				FE238F9320C6D48B0041CC9A /* Frameworks */,
				FE238F9420C6D48B0041CC9A /* Resources */,
			);
			buildRules = (
			);
			dependencies = (
				FE238F9820C6D48B0041CC9A /* PBXTargetDependency */,
			);
			name = ButtonsUITests;
			productName = ButtonsUITests;
			productReference = FE238F9620C6D48B0041CC9A /* ButtonsUITests.xctest */;
			productType = "com.apple.product-type.bundle.ui-testing";
		};
/* End PBXNativeTarget section */

/* Begin PBXProject section */
		FE238F6F20C6D4890041CC9A /* Project object */ = {
			isa = PBXProject;
			attributes = {
				LastSwiftUpdateCheck = 0940;
				LastUpgradeCheck = 0940;
				ORGANIZATIONNAME = "Rainer Petters";
				TargetAttributes = {
					FE238F7620C6D4890041CC9A = {
						CreatedOnToolsVersion = 9.4;
					};
					FE238F8A20C6D48B0041CC9A = {
						CreatedOnToolsVersion = 9.4;
						TestTargetID = FE238F7620C6D4890041CC9A;
					};
					FE238F9520C6D48B0041CC9A = {
						CreatedOnToolsVersion = 9.4;
						TestTargetID = FE238F7620C6D4890041CC9A;
					};
				};
			};
			buildConfigurationList = FE238F7220C6D4890041CC9A /* Build configuration list for PBXProject "Buttons" */;
			compatibilityVersion = "Xcode 9.3";
			developmentRegion = en;
			hasScannedForEncodings = 0;
			knownRegions = (
				en,
				Base,
			);
			mainGroup = FE238F6E20C6D4890041CC9A;
			productRefGroup = FE238F7820C6D4890041CC9A /* Products */;
			projectDirPath = "";
			projectRoot = "";
			targets = (
				FE238F7620C6D4890041CC9A /* Buttons */,
				FE238F8A20C6D48B0041CC9A /* ButtonsTests */,
				FE238F9520C6D48B0041CC9A /* ButtonsUITests */,
			);
		};
/* End PBXProject section */

/* Begin PBXResourcesBuildPhase section */
		FE238F7520C6D4890041CC9A /* Resources */ = {
			isa = PBXResourcesBuildPhase;
			buildActionMask = 2147483647;
			files = (
				FE238F8520C6D48B0041CC9A /* LaunchScreen.storyboard in Resources */,
				FE238F8220C6D48B0041CC9A /* Assets.xcassets in Resources */,
				FE238F8020C6D4890041CC9A /* Main.storyboard in Resources */,
			);
			runOnlyForDeploymentPostprocessing = 0;
		};
		FE238F8920C6D48B0041CC9A /* Resources */ = {
			isa = PBXResourcesBuildPhase;
			buildActionMask = 2147483647;
			files = (
			);
			runOnlyForDeploymentPostprocessing = 0;
		};
		FE238F9420C6D48B0041CC9A /* Resources */ = {
			isa = PBXResourcesBuildPhase;
			buildActionMask = 2147483647;
			files = (
			);
			runOnlyForDeploymentPostprocessing = 0;
		};
/* End PBXResourcesBuildPhase section */

/* Begin PBXSourcesBuildPhase section */
		FE238F7320C6D4890041CC9A /* Sources */ = {
			isa = PBXSourcesBuildPhase;
			buildActionMask = 2147483647;
			files = (
				FE238F7D20C6D4890041CC9A /* ViewController.swift in Sources */,
				FE238F7B20C6D4890041CC9A /* AppDelegate.swift in Sources */,
			);
			runOnlyForDeploymentPostprocessing = 0;
		};
		FE238F8720C6D48B0041CC9A /* Sources */ = {
			isa = PBXSourcesBuildPhase;
			buildActionMask = 2147483647;
			files = (
				FE238F9020C6D48B0041CC9A /* ButtonsTests.swift in Sources */,
			);
			runOnlyForDeploymentPostprocessing = 0;
		};
		FE238F9220C6D48B0041CC9A /* Sources */ = {
			isa = PBXSourcesBuildPhase;
			buildActionMask = 2147483647;
			files = (
				FE238F9B20C6D48B0041CC9A /* ButtonsUITests.swift in Sources */,
			);
			runOnlyForDeploymentPostprocessing = 0;
		};
/* End PBXSourcesBuildPhase section */

/* Begin PBXTargetDependency section */
		FE238F8D20C6D48B0041CC9A /* PBXTargetDependency */ = {
			isa = PBXTargetDependency;
			target = FE238F7620C6D4890041CC9A /* Buttons */;
			targetProxy = FE238F8C20C6D48B0041CC9A /* PBXContainerItemProxy */;
		};
		FE238F9820C6D48B0041CC9A /* PBXTargetDependency */ = {
			isa = PBXTargetDependency;
			target = FE238F7620C6D4890041CC9A /* Buttons */;
			targetProxy = FE238F9720C6D48B0041CC9A /* PBXContainerItemProxy */;
		};
/* End PBXTargetDependency section */

/* Begin PBXVariantGroup section */
		FE238F7E20C6D4890041CC9A /* Main.storyboard */ = {
			isa = PBXVariantGroup;
			children = (
				FE238F7F20C6D4890041CC9A /* Base */,
			);
			name = Main.storyboard;
			sourceTree = "<group>";
		};
		FE238F8320C6D48B0041CC9A /* LaunchScreen.storyboard */ = {
			isa = PBXVariantGroup;
			children = (
				FE238F8420C6D48B0041CC9A /* Base */,
			);
			name = LaunchScreen.storyboard;
			sourceTree = "<group>";
		};
/* End PBXVariantGroup section */

/* Begin XCBuildConfiguration section */
		FE238F9D20C6D48B0041CC9A /* Debug */ = {
			isa = XCBuildConfiguration;
			buildSettings = {
				ALWAYS_SEARCH_USER_PATHS = NO;
				CLANG_ANALYZER_NONNULL = YES;
				CLANG_ANALYZER_NUMBER_OBJECT_CONVERSION = YES_AGGRESSIVE;
				CLANG_CXX_LANGUAGE_STANDARD = "gnu++14";
				CLANG_CXX_LIBRARY = "libc++";
				CLANG_ENABLE_MODULES = YES;
				CLANG_ENABLE_OBJC_ARC = YES;
				CLANG_ENABLE_OBJC_WEAK = YES;
				CLANG_WARN_BLOCK_CAPTURE_AUTORELEASING = YES;
				CLANG_WARN_BOOL_CONVERSION = YES;
				CLANG_WARN_COMMA = YES;
				CLANG_WARN_CONSTANT_CONVERSION = YES;
				CLANG_WARN_DEPRECATED_OBJC_IMPLEMENTATIONS = YES;
				CLANG_WARN_DIRECT_OBJC_ISA_USAGE = YES_ERROR;
				CLANG_WARN_DOCUMENTATION_COMMENTS = YES;
				CLANG_WARN_EMPTY_BODY = YES;
				CLANG_WARN_ENUM_CONVERSION = YES;
				CLANG_WARN_INFINITE_RECURSION = YES;
				CLANG_WARN_INT_CONVERSION = YES;
				CLANG_WARN_NON_LITERAL_NULL_CONVERSION = YES;
				CLANG_WARN_OBJC_IMPLICIT_RETAIN_SELF = YES;
				CLANG_WARN_OBJC_LITERAL_CONVERSION = YES;
				CLANG_WARN_OBJC_ROOT_CLASS = YES_ERROR;
				CLANG_WARN_RANGE_LOOP_ANALYSIS = YES;
				CLANG_WARN_STRICT_PROTOTYPES = YES;
				CLANG_WARN_SUSPICIOUS_MOVE = YES;
				CLANG_WARN_UNGUARDED_AVAILABILITY = YES_AGGRESSIVE;
				CLANG_WARN_UNREACHABLE_CODE = YES;
				CLANG_WARN__DUPLICATE_METHOD_MATCH = YES;
				CODE_SIGN_IDENTITY = "iPhone Developer";
				COPY_PHASE_STRIP = NO;
				DEBUG_INFORMATION_FORMAT = dwarf;
				ENABLE_STRICT_OBJC_MSGSEND = YES;
				ENABLE_TESTABILITY = YES;
				GCC_C_LANGUAGE_STANDARD = gnu11;
				GCC_DYNAMIC_NO_PIC = NO;
				GCC_NO_COMMON_BLOCKS = YES;
				GCC_OPTIMIZATION_LEVEL = 0;
				GCC_PREPROCESSOR_DEFINITIONS = (
					"DEBUG=1",
					"$(inherited)",
				);
				GCC_WARN_64_TO_32_BIT_CONVERSION = YES;
				GCC_WARN_ABOUT_RETURN_TYPE = YES_ERROR;
				GCC_WARN_UNDECLARED_SELECTOR = YES;
				GCC_WARN_UNINITIALIZED_AUTOS = YES_AGGRESSIVE;
				GCC_WARN_UNUSED_FUNCTION = YES;
				GCC_WARN_UNUSED_VARIABLE = YES;
				IPHONEOS_DEPLOYMENT_TARGET = 11.4;
				MTL_ENABLE_DEBUG_INFO = YES;
				ONLY_ACTIVE_ARCH = YES;
				SDKROOT = iphoneos;
				SWIFT_ACTIVE_COMPILATION_CONDITIONS = DEBUG;
				SWIFT_OPTIMIZATION_LEVEL = "-Onone";
			};
			name = Debug;
		};
		FE238F9E20C6D48B0041CC9A /* Release */ = {
			isa = XCBuildConfiguration;
			buildSettings = {
				ALWAYS_SEARCH_USER_PATHS = NO;
				CLANG_ANALYZER_NONNULL = YES;
				CLANG_ANALYZER_NUMBER_OBJECT_CONVERSION = YES_AGGRESSIVE;
				CLANG_CXX_LANGUAGE_STANDARD = "gnu++14";
				CLANG_CXX_LIBRARY = "libc++";
				CLANG_ENABLE_MODULES = YES;
				CLANG_ENABLE_OBJC_ARC = YES;
				CLANG_ENABLE_OBJC_WEAK = YES;
				CLANG_WARN_BLOCK_CAPTURE_AUTORELEASING = YES;
				CLANG_WARN_BOOL_CONVERSION = YES;
				CLANG_WARN_COMMA = YES;
				CLANG_WARN_CONSTANT_CONVERSION = YES;
				CLANG_WARN_DEPRECATED_OBJC_IMPLEMENTATIONS = YES;
				CLANG_WARN_DIRECT_OBJC_ISA_USAGE = YES_ERROR;
				CLANG_WARN_DOCUMENTATION_COMMENTS = YES;
				CLANG_WARN_EMPTY_BODY = YES;
				CLANG_WARN_ENUM_CONVERSION = YES;
				CLANG_WARN_INFINITE_RECURSION = YES;
				CLANG_WARN_INT_CONVERSION = YES;
				CLANG_WARN_NON_LITERAL_NULL_CONVERSION = YES;
				CLANG_WARN_OBJC_IMPLICIT_RETAIN_SELF = YES;
				CLANG_WARN_OBJC_LITERAL_CONVERSION = YES;
				CLANG_WARN_OBJC_ROOT_CLASS = YES_ERROR;
				CLANG_WARN_RANGE_LOOP_ANALYSIS = YES;
				CLANG_WARN_STRICT_PROTOTYPES = YES;
				CLANG_WARN_SUSPICIOUS_MOVE = YES;
				CLANG_WARN_UNGUARDED_AVAILABILITY = YES_AGGRESSIVE;
				CLANG_WARN_UNREACHABLE_CODE = YES;
				CLANG_WARN__DUPLICATE_METHOD_MATCH = YES;
				CODE_SIGN_IDENTITY = "iPhone Developer";
				COPY_PHASE_STRIP = NO;
				DEBUG_INFORMATION_FORMAT = "dwarf-with-dsym";
				ENABLE_NS_ASSERTIONS = NO;
				ENABLE_STRICT_OBJC_MSGSEND = YES;
				GCC_C_LANGUAGE_STANDARD = gnu11;
				GCC_NO_COMMON_BLOCKS = YES;
				GCC_WARN_64_TO_32_BIT_CONVERSION = YES;
				GCC_WARN_ABOUT_RETURN_TYPE = YES_ERROR;
				GCC_WARN_UNDECLARED_SELECTOR = YES;
				GCC_WARN_UNINITIALIZED_AUTOS = YES_AGGRESSIVE;
				GCC_WARN_UNUSED_FUNCTION = YES;
				GCC_WARN_UNUSED_VARIABLE = YES;
				IPHONEOS_DEPLOYMENT_TARGET = 11.4;
				MTL_ENABLE_DEBUG_INFO = NO;
				SDKROOT = iphoneos;
				SWIFT_COMPILATION_MODE = wholemodule;
				SWIFT_OPTIMIZATION_LEVEL = "-O";
				VALIDATE_PRODUCT = YES;
			};
			name = Release;
		};
		FE238FA020C6D48B0041CC9A /* Debug */ = {
			isa = XCBuildConfiguration;
			buildSettings = {
				ASSETCATALOG_COMPILER_APPICON_NAME = AppIcon;
				CODE_SIGN_STYLE = Automatic;
				INFOPLIST_FILE = Buttons/Info.plist;
				LD_RUNPATH_SEARCH_PATHS = (
					"$(inherited)",
					"@executable_path/Frameworks",
				);
				PRODUCT_BUNDLE_IDENTIFIER = com.openclassrooms.Buttons;
				PRODUCT_NAME = "$(TARGET_NAME)";
				SWIFT_VERSION = 4.0;
				TARGETED_DEVICE_FAMILY = "1,2";
			};
			name = Debug;
		};
		FE238FA120C6D48B0041CC9A /* Release */ = {
			isa = XCBuildConfiguration;
			buildSettings = {
				ASSETCATALOG_COMPILER_APPICON_NAME = AppIcon;
				CODE_SIGN_STYLE = Automatic;
				INFOPLIST_FILE = Buttons/Info.plist;
				LD_RUNPATH_SEARCH_PATHS = (
					"$(inherited)",
					"@executable_path/Frameworks",
				);
				PRODUCT_BUNDLE_IDENTIFIER = com.openclassrooms.Buttons;
				PRODUCT_NAME = "$(TARGET_NAME)";
				SWIFT_VERSION = 4.0;
				TARGETED_DEVICE_FAMILY = "1,2";
			};
			name = Release;
		};
		FE238FA320C6D48B0041CC9A /* Debug */ = {
			isa = XCBuildConfiguration;
			buildSettings = {
				ALWAYS_EMBED_SWIFT_STANDARD_LIBRARIES = YES;
				BUNDLE_LOADER = "$(TEST_HOST)";
				CODE_SIGN_STYLE = Automatic;
				INFOPLIST_FILE = ButtonsTests/Info.plist;
				LD_RUNPATH_SEARCH_PATHS = (
					"$(inherited)",
					"@executable_path/Frameworks",
					"@loader_path/Frameworks",
				);
				PRODUCT_BUNDLE_IDENTIFIER = com.openclassrooms.ButtonsTests;
				PRODUCT_NAME = "$(TARGET_NAME)";
				SWIFT_VERSION = 4.0;
				TARGETED_DEVICE_FAMILY = "1,2";
				TEST_HOST = "$(BUILT_PRODUCTS_DIR)/Buttons.app/Buttons";
			};
			name = Debug;
		};
		FE238FA420C6D48B0041CC9A /* Release */ = {
			isa = XCBuildConfiguration;
			buildSettings = {
				ALWAYS_EMBED_SWIFT_STANDARD_LIBRARIES = YES;
				BUNDLE_LOADER = "$(TEST_HOST)";
				CODE_SIGN_STYLE = Automatic;
				INFOPLIST_FILE = ButtonsTests/Info.plist;
				LD_RUNPATH_SEARCH_PATHS = (
					"$(inherited)",
					"@executable_path/Frameworks",
					"@loader_path/Frameworks",
				);
				PRODUCT_BUNDLE_IDENTIFIER = com.openclassrooms.ButtonsTests;
				PRODUCT_NAME = "$(TARGET_NAME)";
				SWIFT_VERSION = 4.0;
				TARGETED_DEVICE_FAMILY = "1,2";
				TEST_HOST = "$(BUILT_PRODUCTS_DIR)/Buttons.app/Buttons";
			};
			name = Release;
		};
		FE238FA620C6D48B0041CC9A /* Debug */ = {
			isa = XCBuildConfiguration;
			buildSettings = {
				ALWAYS_EMBED_SWIFT_STANDARD_LIBRARIES = YES;
				CODE_SIGN_STYLE = Automatic;
				INFOPLIST_FILE = ButtonsUITests/Info.plist;
				LD_RUNPATH_SEARCH_PATHS = (
					"$(inherited)",
					"@executable_path/Frameworks",
					"@loader_path/Frameworks",
				);
				PRODUCT_BUNDLE_IDENTIFIER = com.openclassrooms.ButtonsUITests;
				PRODUCT_NAME = "$(TARGET_NAME)";
				SWIFT_VERSION = 4.0;
				TARGETED_DEVICE_FAMILY = "1,2";
				TEST_TARGET_NAME = Buttons;
			};
			name = Debug;
		};
		FE238FA720C6D48B0041CC9A /* Release */ = {
			isa = XCBuildConfiguration;
			buildSettings = {
				ALWAYS_EMBED_SWIFT_STANDARD_LIBRARIES = YES;
				CODE_SIGN_STYLE = Automatic;
				INFOPLIST_FILE = ButtonsUITests/Info.plist;
				LD_RUNPATH_SEARCH_PATHS = (
					"$(inherited)",
					"@executable_path/Frameworks",
					"@loader_path/Frameworks",
				);
				PRODUCT_BUNDLE_IDENTIFIER = com.openclassrooms.ButtonsUITests;
				PRODUCT_NAME = "$(TARGET_NAME)";
				SWIFT_VERSION = 4.0;
				TARGETED_DEVICE_FAMILY = "1,2";
				TEST_TARGET_NAME = Buttons;
			};
			name = Release;
		};
/* End XCBuildConfiguration section */

/* Begin XCConfigurationList section */
		FE238F7220C6D4890041CC9A /* Build configuration list for PBXProject "Buttons" */ = {
			isa = XCConfigurationList;
			buildConfigurations = (
				FE238F9D20C6D48B0041CC9A /* Debug */,
				FE238F9E20C6D48B0041CC9A /* Release */,
			);
			defaultConfigurationIsVisible = 0;
			defaultConfigurationName = Release;
		};
		FE238F9F20C6D48B0041CC9A /* Build configuration list for PBXNativeTarget "Buttons" */ = {
			isa = XCConfigurationList;
			buildConfigurations = (
				FE238FA020C6D48B0041CC9A /* Debug */,
				FE238FA120C6D48B0041CC9A /* Release */,
			);
			defaultConfigurationIsVisible = 0;
			defaultConfigurationName = Release;
		};
		FE238FA220C6D48B0041CC9A /* Build configuration list for PBXNativeTarget "ButtonsTests" */ = {
			isa = XCConfigurationList;
			buildConfigurations = (
				FE238FA320C6D48B0041CC9A /* Debug */,
				FE238FA420C6D48B0041CC9A /* Release */,
			);
			defaultConfigurationIsVisible = 0;
			defaultConfigurationName = Release;
		};
		FE238FA520C6D48B0041CC9A /* Build configuration list for PBXNativeTarget "ButtonsUITests" */ = {
			isa = XCConfigurationList;
			buildConfigurations = (
				FE238FA620C6D48B0041CC9A /* Debug */,
				FE238FA720C6D48B0041CC9A /* Release */,
			);
			defaultConfigurationIsVisible = 0;
			defaultConfigurationName = Release;
		};
/* End XCConfigurationList section */
	};
	rootObject = FE238F6F20C6D4890041CC9A /* Project object */;
}
